
Microsoft Visual Studio Solution File, Format Version 12.00
# Visual Studio Version 17
VisualStudioVersion = 17.2.32616.157
MinimumVisualStudioVersion = 10.0.40219.1
Project("{FAE04EC0-301F-11D3-BF4B-00C04F79EFBC}") = "EmployeeProjects", "EmployeeProjects\EmployeeProjects.csproj", "{1EF26A1B-CD49-476A-A634-34B93DDB8289}"
EndProject
Global
	GlobalSection(SolutionConfigurationPlatforms) = preSolution
		Debug|Any CPU = Debug|Any CPU
		Release|Any CPU = Release|Any CPU
	EndGlobalSection
	GlobalSection(ProjectConfigurationPlatforms) = postSolution
		{1EF26A1B-CD49-476A-A634-34B93DDB8289}.Debug|Any CPU.ActiveCfg = Debug|Any CPU
		{1EF26A1B-CD49-476A-A634-34B93DDB8289}.Debug|Any CPU.Build.0 = Debug|Any CPU
		{1EF26A1B-CD49-476A-A634-34B93DDB8289}.Release|Any CPU.ActiveCfg = Release|Any CPU
		{1EF26A1B-CD49-476A-A634-34B93DDB8289}.Release|Any CPU.Build.0 = Release|Any CPU
	EndGlobalSection
	GlobalSection(SolutionProperties) = preSolution
		HideSolutionNode = FALSE
	EndGlobalSection
	GlobalSection(ExtensibilityGlobals) = postSolution
		SolutionGuid = {5586054B-204C-402D-8965-A9C7DB351D7B}
	EndGlobalSection
EndGlobal
